
Microsoft Visual Studio Solution File, Format Version 12.00
# Visual Studio Version 16
VisualStudioVersion = 16.0.31321.278
MinimumVisualStudioVersion = 10.0.40219.1
Project("{FAE04EC0-301F-11D3-BF4B-00C04F79EFBC}") = "MyLife_App", "MyLife_App\MyLife_App.csproj", "{BB4412C0-C082-4FE2-A5A5-71D5B7D6EADB}"
EndProject
Global
	GlobalSection(SolutionConfigurationPlatforms) = preSolution
		Debug|Any CPU = Debug|Any CPU
		Release|Any CPU = Release|Any CPU
	EndGlobalSection
	GlobalSection(ProjectConfigurationPlatforms) = postSolution
		{BB4412C0-C082-4FE2-A5A5-71D5B7D6EADB}.Debug|Any CPU.ActiveCfg = Debug|Any CPU
		{BB4412C0-C082-4FE2-A5A5-71D5B7D6EADB}.Debug|Any CPU.Build.0 = Debug|Any CPU
		{BB4412C0-C082-4FE2-A5A5-71D5B7D6EADB}.Release|Any CPU.ActiveCfg = Release|Any CPU
		{BB4412C0-C082-4FE2-A5A5-71D5B7D6EADB}.Release|Any CPU.Build.0 = Release|Any CPU
	EndGlobalSection
	GlobalSection(SolutionProperties) = preSolution
		HideSolutionNode = FALSE
	EndGlobalSection
	GlobalSection(ExtensibilityGlobals) = postSolution
		SolutionGuid = {6E2BA732-6844-47AC-85B1-5A34572CD7F6}
	EndGlobalSection
EndGlobal
